
Microsoft Visual Studio Solution File, Format Version 12.00
# Visual Studio Version 17
VisualStudioVersion = 17.6.33829.357
MinimumVisualStudioVersion = 10.0.40219.1
Project("{FAE04EC0-301F-11D3-BF4B-00C04F79EFBC}") = "Displaying in DataGridView", "Displaying in DataGridView\Displaying in DataGridView.csproj", "{F582FE02-3869-413D-8EBD-DDAE4E8D7F1F}"
EndProject
Global
	GlobalSection(SolutionConfigurationPlatforms) = preSolution
		Debug|Any CPU = Debug|Any CPU
		Release|Any CPU = Release|Any CPU
	EndGlobalSection
	GlobalSection(ProjectConfigurationPlatforms) = postSolution
		{F582FE02-3869-413D-8EBD-DDAE4E8D7F1F}.Debug|Any CPU.ActiveCfg = Debug|Any CPU
		{F582FE02-3869-413D-8EBD-DDAE4E8D7F1F}.Debug|Any CPU.Build.0 = Debug|Any CPU
		{F582FE02-3869-413D-8EBD-DDAE4E8D7F1F}.Release|Any CPU.ActiveCfg = Release|Any CPU
		{F582FE02-3869-413D-8EBD-DDAE4E8D7F1F}.Release|Any CPU.Build.0 = Release|Any CPU
	EndGlobalSection
	GlobalSection(SolutionProperties) = preSolution
		HideSolutionNode = FALSE
	EndGlobalSection
	GlobalSection(ExtensibilityGlobals) = postSolution
		SolutionGuid = {B4C834F0-0DBF-491F-BA3F-5EAEBBA4CAD4}
	EndGlobalSection
EndGlobal
