
Microsoft Visual Studio Solution File, Format Version 12.00
# Visual Studio Version 17
VisualStudioVersion = 17.13.35913.81 d17.13
MinimumVisualStudioVersion = 10.0.40219.1
Project("{FAE04EC0-301F-11D3-BF4B-00C04F79EFBC}") = "Database file Handeling", "Database file Handeling\Database file Handeling.csproj", "{1D88A611-BDF3-4ACF-AAED-DA509A7C9248}"
EndProject
Global
	GlobalSection(SolutionConfigurationPlatforms) = preSolution
		Debug|Any CPU = Debug|Any CPU
		Release|Any CPU = Release|Any CPU
	EndGlobalSection
	GlobalSection(ProjectConfigurationPlatforms) = postSolution
		{1D88A611-BDF3-4ACF-AAED-DA509A7C9248}.Debug|Any CPU.ActiveCfg = Debug|Any CPU
		{1D88A611-BDF3-4ACF-AAED-DA509A7C9248}.Debug|Any CPU.Build.0 = Debug|Any CPU
		{1D88A611-BDF3-4ACF-AAED-DA509A7C9248}.Release|Any CPU.ActiveCfg = Release|Any CPU
		{1D88A611-BDF3-4ACF-AAED-DA509A7C9248}.Release|Any CPU.Build.0 = Release|Any CPU
	EndGlobalSection
	GlobalSection(SolutionProperties) = preSolution
		HideSolutionNode = FALSE
	EndGlobalSection
	GlobalSection(ExtensibilityGlobals) = postSolution
		SolutionGuid = {DA491A25-BC4F-4067-8FEE-53352825C90E}
	EndGlobalSection
EndGlobal
