
Microsoft Visual Studio Solution File, Format Version 12.00
# Visual Studio Version 17
VisualStudioVersion = 17.14.36119.2 d17.14
MinimumVisualStudioVersion = 10.0.40219.1
Project("{FAE04EC0-301F-11D3-BF4B-00C04F79EFBC}") = "Validation and drop down lists", "Validation and drop down lists\Validation and drop down lists.csproj", "{82FB4423-2A11-4AB3-B959-735D983E4DCD}"
EndProject
Global
	GlobalSection(SolutionConfigurationPlatforms) = preSolution
		Debug|Any CPU = Debug|Any CPU
		Release|Any CPU = Release|Any CPU
	EndGlobalSection
	GlobalSection(ProjectConfigurationPlatforms) = postSolution
		{82FB4423-2A11-4AB3-B959-735D983E4DCD}.Debug|Any CPU.ActiveCfg = Debug|Any CPU
		{82FB4423-2A11-4AB3-B959-735D983E4DCD}.Debug|Any CPU.Build.0 = Debug|Any CPU
		{82FB4423-2A11-4AB3-B959-735D983E4DCD}.Release|Any CPU.ActiveCfg = Release|Any CPU
		{82FB4423-2A11-4AB3-B959-735D983E4DCD}.Release|Any CPU.Build.0 = Release|Any CPU
	EndGlobalSection
	GlobalSection(SolutionProperties) = preSolution
		HideSolutionNode = FALSE
	EndGlobalSection
	GlobalSection(ExtensibilityGlobals) = postSolution
		SolutionGuid = {25AAA0BE-440F-4402-9C15-8AE7715215E2}
	EndGlobalSection
EndGlobal
